// !$*UTF8*$!
{
	archiveVersion = 1;
	classes = {
	};
	objectVersion = 56;
	objects = {

/* Begin PBXBuildFile section */
		4B05A98B2CDC624900B940EB /* CustomTabbarController.swift in Sources */ = {isa = PBXBuildFile; fileRef = 4B05A98A2CDC624900B940EB /* CustomTabbarController.swift */; };
		4B05A9922CDC62AE00B940EB /* TextbookViewController.swift in Sources */ = {isa = PBXBuildFile; fileRef = 4B05A9902CDC62AE00B940EB /* TextbookViewController.swift */; };
		4B05A9932CDC62AE00B940EB /* TextbookViewController.xib in Resources */ = {isa = PBXBuildFile; fileRef = 4B05A9912CDC62AE00B940EB /* TextbookViewController.xib */; };
		4B05A9972CDC630900B940EB /* SettingsViewController.swift in Sources */ = {isa = PBXBuildFile; fileRef = 4B05A9952CDC630900B940EB /* SettingsViewController.swift */; };
		4B05A9982CDC630900B940EB /* SettingsViewController.xib in Resources */ = {isa = PBXBuildFile; fileRef = 4B05A9962CDC630900B940EB /* SettingsViewController.xib */; };
		4B05A9992CDC702600B940EB /* TeacherProfileViewController.xib in Resources */ = {isa = PBXBuildFile; fileRef = 4BA0006B2CDA08FD001E95D0 /* TeacherProfileViewController.xib */; };
		4B05A99D2CDCB8BC00B940EB /* sample.mp4 in Resources */ = {isa = PBXBuildFile; fileRef = 4B05A99C2CDCB8BC00B940EB /* sample.mp4 */; };
		4B12761C2CD896100035779C /* AppDelegate.swift in Sources */ = {isa = PBXBuildFile; fileRef = 4B12761B2CD896100035779C /* AppDelegate.swift */; };
		4B12761E2CD896100035779C /* SceneDelegate.swift in Sources */ = {isa = PBXBuildFile; fileRef = 4B12761D2CD896100035779C /* SceneDelegate.swift */; };
		4B1276202CD896100035779C /* LoginViewController.swift in Sources */ = {isa = PBXBuildFile; fileRef = 4B12761F2CD896100035779C /* LoginViewController.swift */; };
		4B1276232CD896100035779C /* Main.storyboard in Resources */ = {isa = PBXBuildFile; fileRef = 4B1276212CD896100035779C /* Main.storyboard */; };
		4B1276282CD896120035779C /* LaunchScreen.storyboard in Resources */ = {isa = PBXBuildFile; fileRef = 4B1276262CD896120035779C /* LaunchScreen.storyboard */; };
		4B1276692CD8AFDB0035779C /* SignUpViewController.swift in Sources */ = {isa = PBXBuildFile; fileRef = 4B1276672CD8AFDB0035779C /* SignUpViewController.swift */; };
		4B12766A2CD8AFDB0035779C /* SignUpViewController.xib in Resources */ = {isa = PBXBuildFile; fileRef = 4B1276682CD8AFDB0035779C /* SignUpViewController.xib */; };
		4B12766E2CD8C68D0035779C /* ForgotPasswordViewController.swift in Sources */ = {isa = PBXBuildFile; fileRef = 4B12766C2CD8C68D0035779C /* ForgotPasswordViewController.swift */; };
		4B12766F2CD8C68D0035779C /* ForgotPasswordViewController.xib in Resources */ = {isa = PBXBuildFile; fileRef = 4B12766D2CD8C68D0035779C /* ForgotPasswordViewController.xib */; };
		4B373C442CDDACD700DA491D /* NetworkManager.swift in Sources */ = {isa = PBXBuildFile; fileRef = 4B373C432CDDACD700DA491D /* NetworkManager.swift */; };
		4B373C462CDDB3C200DA491D /* Products.swift in Sources */ = {isa = PBXBuildFile; fileRef = 4B373C452CDDB3C200DA491D /* Products.swift */; };
		4B373C4A2CDDBEEA00DA491D /* ProductViewController.swift in Sources */ = {isa = PBXBuildFile; fileRef = 4B373C482CDDBEEA00DA491D /* ProductViewController.swift */; };
		4B373C4B2CDDBEEA00DA491D /* ProductViewController.xib in Resources */ = {isa = PBXBuildFile; fileRef = 4B373C492CDDBEEA00DA491D /* ProductViewController.xib */; };
		4B373C4F2CDDBFB200DA491D /* ProductCell.swift in Sources */ = {isa = PBXBuildFile; fileRef = 4B373C4D2CDDBFB200DA491D /* ProductCell.swift */; };
		4B373C502CDDBFB200DA491D /* ProductCell.xib in Resources */ = {isa = PBXBuildFile; fileRef = 4B373C4E2CDDBFB200DA491D /* ProductCell.xib */; };
		4B51E6992CDDA3CD00A7D9ED /* Singletone.swift in Sources */ = {isa = PBXBuildFile; fileRef = 4B51E6982CDDA3CD00A7D9ED /* Singletone.swift */; };
		4B5B61702CDB04AE00E8770F /* MorePhotoViewController.swift in Sources */ = {isa = PBXBuildFile; fileRef = 4B5B616E2CDB04AE00E8770F /* MorePhotoViewController.swift */; };
		4B5B61712CDB04AE00E8770F /* MorePhotoViewController.xib in Resources */ = {isa = PBXBuildFile; fileRef = 4B5B616F2CDB04AE00E8770F /* MorePhotoViewController.xib */; };
		4B5B61752CDB060C00E8770F /* PhotoCell.swift in Sources */ = {isa = PBXBuildFile; fileRef = 4B5B61732CDB060C00E8770F /* PhotoCell.swift */; };
		4B5B61762CDB060C00E8770F /* PhotoCell.xib in Resources */ = {isa = PBXBuildFile; fileRef = 4B5B61742CDB060C00E8770F /* PhotoCell.xib */; };
		4BA0005E2CD9B557001E95D0 /* HomeViewController.swift in Sources */ = {isa = PBXBuildFile; fileRef = 4BA0005C2CD9B557001E95D0 /* HomeViewController.swift */; };
		4BA0005F2CD9B557001E95D0 /* HomeViewController.xib in Resources */ = {isa = PBXBuildFile; fileRef = 4BA0005D2CD9B557001E95D0 /* HomeViewController.xib */; };
		4BA000632CD9B825001E95D0 /* TeacherCell.swift in Sources */ = {isa = PBXBuildFile; fileRef = 4BA000612CD9B825001E95D0 /* TeacherCell.swift */; };
		4BA000642CD9B825001E95D0 /* TeacherCell.xib in Resources */ = {isa = PBXBuildFile; fileRef = 4BA000622CD9B825001E95D0 /* TeacherCell.xib */; };
		4BA000672CD9C0CE001E95D0 /* Teacher.swift in Sources */ = {isa = PBXBuildFile; fileRef = 4BA000662CD9C0CE001E95D0 /* Teacher.swift */; };
		4BA0006C2CDA08FD001E95D0 /* TeacherProfileViewController.swift in Sources */ = {isa = PBXBuildFile; fileRef = 4BA0006A2CDA08FD001E95D0 /* TeacherProfileViewController.swift */; };
		4BA000722CDA1E3D001E95D0 /* Assets.xcassets in Resources */ = {isa = PBXBuildFile; fileRef = 4BA000712CDA1E3D001E95D0 /* Assets.xcassets */; };
		73EA7A5A1FDB3FB97EAF417B /* Pods_iOSTraining.framework in Frameworks */ = {isa = PBXBuildFile; fileRef = 1CB0BAD5CE3781B5ACE52E08 /* Pods_iOSTraining.framework */; };
/* End PBXBuildFile section */

/* Begin PBXFileReference section */
		1CB0BAD5CE3781B5ACE52E08 /* Pods_iOSTraining.framework */ = {isa = PBXFileReference; explicitFileType = wrapper.framework; includeInIndex = 0; path = Pods_iOSTraining.framework; sourceTree = BUILT_PRODUCTS_DIR; };
		37439D71902444135BDC770A /* Pods-iOSTraining.debug.xcconfig */ = {isa = PBXFileReference; includeInIndex = 1; lastKnownFileType = text.xcconfig; name = "Pods-iOSTraining.debug.xcconfig"; path = "Target Support Files/Pods-iOSTraining/Pods-iOSTraining.debug.xcconfig"; sourceTree = "<group>"; };
		4B05A98A2CDC624900B940EB /* CustomTabbarController.swift */ = {isa = PBXFileReference; lastKnownFileType = sourcecode.swift; path = CustomTabbarController.swift; sourceTree = "<group>"; };
		4B05A9902CDC62AE00B940EB /* TextbookViewController.swift */ = {isa = PBXFileReference; lastKnownFileType = sourcecode.swift; path = TextbookViewController.swift; sourceTree = "<group>"; };
		4B05A9912CDC62AE00B940EB /* TextbookViewController.xib */ = {isa = PBXFileReference; lastKnownFileType = file.xib; path = TextbookViewController.xib; sourceTree = "<group>"; };
		4B05A9952CDC630900B940EB /* SettingsViewController.swift */ = {isa = PBXFileReference; lastKnownFileType = sourcecode.swift; path = SettingsViewController.swift; sourceTree = "<group>"; };
		4B05A9962CDC630900B940EB /* SettingsViewController.xib */ = {isa = PBXFileReference; lastKnownFileType = file.xib; path = SettingsViewController.xib; sourceTree = "<group>"; };
		4B05A99C2CDCB8BC00B940EB /* sample.mp4 */ = {isa = PBXFileReference; lastKnownFileType = file; path = sample.mp4; sourceTree = "<group>"; };
		4B1276182CD896100035779C /* iOSTraining.app */ = {isa = PBXFileReference; explicitFileType = wrapper.application; includeInIndex = 0; path = iOSTraining.app; sourceTree = BUILT_PRODUCTS_DIR; };
		4B12761B2CD896100035779C /* AppDelegate.swift */ = {isa = PBXFileReference; lastKnownFileType = sourcecode.swift; path = AppDelegate.swift; sourceTree = "<group>"; };
		4B12761D2CD896100035779C /* SceneDelegate.swift */ = {isa = PBXFileReference; lastKnownFileType = sourcecode.swift; path = SceneDelegate.swift; sourceTree = "<group>"; };
		4B12761F2CD896100035779C /* LoginViewController.swift */ = {isa = PBXFileReference; lastKnownFileType = sourcecode.swift; path = LoginViewController.swift; sourceTree = "<group>"; };
		4B1276222CD896100035779C /* Base */ = {isa = PBXFileReference; lastKnownFileType = file.storyboard; name = Base; path = Base.lproj/Main.storyboard; sourceTree = "<group>"; };
		4B1276272CD896120035779C /* Base */ = {isa = PBXFileReference; lastKnownFileType = file.storyboard; name = Base; path = Base.lproj/LaunchScreen.storyboard; sourceTree = "<group>"; };
		4B1276292CD896120035779C /* Info.plist */ = {isa = PBXFileReference; lastKnownFileType = text.plist.xml; path = Info.plist; sourceTree = "<group>"; };
		4B1276672CD8AFDB0035779C /* SignUpViewController.swift */ = {isa = PBXFileReference; lastKnownFileType = sourcecode.swift; path = SignUpViewController.swift; sourceTree = "<group>"; };
		4B1276682CD8AFDB0035779C /* SignUpViewController.xib */ = {isa = PBXFileReference; lastKnownFileType = file.xib; path = SignUpViewController.xib; sourceTree = "<group>"; };
		4B12766C2CD8C68D0035779C /* ForgotPasswordViewController.swift */ = {isa = PBXFileReference; lastKnownFileType = sourcecode.swift; path = ForgotPasswordViewController.swift; sourceTree = "<group>"; };
		4B12766D2CD8C68D0035779C /* ForgotPasswordViewController.xib */ = {isa = PBXFileReference; lastKnownFileType = file.xib; path = ForgotPasswordViewController.xib; sourceTree = "<group>"; };
		4B373C432CDDACD700DA491D /* NetworkManager.swift */ = {isa = PBXFileReference; lastKnownFileType = sourcecode.swift; path = NetworkManager.swift; sourceTree = "<group>"; };
		4B373C452CDDB3C200DA491D /* Products.swift */ = {isa = PBXFileReference; lastKnownFileType = sourcecode.swift; path = Products.swift; sourceTree = "<group>"; };
		4B373C482CDDBEEA00DA491D /* ProductViewController.swift */ = {isa = PBXFileReference; lastKnownFileType = sourcecode.swift; path = ProductViewController.swift; sourceTree = "<group>"; };
		4B373C492CDDBEEA00DA491D /* ProductViewController.xib */ = {isa = PBXFileReference; lastKnownFileType = file.xib; path = ProductViewController.xib; sourceTree = "<group>"; };
		4B373C4D2CDDBFB200DA491D /* ProductCell.swift */ = {isa = PBXFileReference; lastKnownFileType = sourcecode.swift; path = ProductCell.swift; sourceTree = "<group>"; };
		4B373C4E2CDDBFB200DA491D /* ProductCell.xib */ = {isa = PBXFileReference; lastKnownFileType = file.xib; path = ProductCell.xib; sourceTree = "<group>"; };
		4B51E6982CDDA3CD00A7D9ED /* Singletone.swift */ = {isa = PBXFileReference; lastKnownFileType = sourcecode.swift; name = Singletone.swift; path = TeacherProfile/Singletone.swift; sourceTree = "<group>"; };
		4B5B616E2CDB04AE00E8770F /* MorePhotoViewController.swift */ = {isa = PBXFileReference; lastKnownFileType = sourcecode.swift; path = MorePhotoViewController.swift; sourceTree = "<group>"; };
		4B5B616F2CDB04AE00E8770F /* MorePhotoViewController.xib */ = {isa = PBXFileReference; lastKnownFileType = file.xib; path = MorePhotoViewController.xib; sourceTree = "<group>"; };
		4B5B61732CDB060C00E8770F /* PhotoCell.swift */ = {isa = PBXFileReference; lastKnownFileType = sourcecode.swift; path = PhotoCell.swift; sourceTree = "<group>"; };
		4B5B61742CDB060C00E8770F /* PhotoCell.xib */ = {isa = PBXFileReference; lastKnownFileType = file.xib; path = PhotoCell.xib; sourceTree = "<group>"; };
		4BA0005C2CD9B557001E95D0 /* HomeViewController.swift */ = {isa = PBXFileReference; lastKnownFileType = sourcecode.swift; path = HomeViewController.swift; sourceTree = "<group>"; };
		4BA0005D2CD9B557001E95D0 /* HomeViewController.xib */ = {isa = PBXFileReference; lastKnownFileType = file.xib; path = HomeViewController.xib; sourceTree = "<group>"; };
		4BA000612CD9B825001E95D0 /* TeacherCell.swift */ = {isa = PBXFileReference; lastKnownFileType = sourcecode.swift; path = TeacherCell.swift; sourceTree = "<group>"; };
		4BA000622CD9B825001E95D0 /* TeacherCell.xib */ = {isa = PBXFileReference; lastKnownFileType = file.xib; path = TeacherCell.xib; sourceTree = "<group>"; };
		4BA000662CD9C0CE001E95D0 /* Teacher.swift */ = {isa = PBXFileReference; lastKnownFileType = sourcecode.swift; path = Teacher.swift; sourceTree = "<group>"; };
		4BA0006A2CDA08FD001E95D0 /* TeacherProfileViewController.swift */ = {isa = PBXFileReference; lastKnownFileType = sourcecode.swift; path = TeacherProfileViewController.swift; sourceTree = "<group>"; };
		4BA0006B2CDA08FD001E95D0 /* TeacherProfileViewController.xib */ = {isa = PBXFileReference; lastKnownFileType = file.xib; path = TeacherProfileViewController.xib; sourceTree = "<group>"; };
		4BA000712CDA1E3D001E95D0 /* Assets.xcassets */ = {isa = PBXFileReference; lastKnownFileType = folder.assetcatalog; name = Assets.xcassets; path = "../../../Downloads/iOS-Training-main/iOSTraining/Assets.xcassets"; sourceTree = "<group>"; };
		AC2FC7AF3903C3385F281A84 /* Pods-iOSTraining.release.xcconfig */ = {isa = PBXFileReference; includeInIndex = 1; lastKnownFileType = text.xcconfig; name = "Pods-iOSTraining.release.xcconfig"; path = "Target Support Files/Pods-iOSTraining/Pods-iOSTraining.release.xcconfig"; sourceTree = "<group>"; };
/* End PBXFileReference section */

/* Begin PBXFrameworksBuildPhase section */
		4B1276152CD896100035779C /* Frameworks */ = {
			isa = PBXFrameworksBuildPhase;
			buildActionMask = 2147483647;
			files = (
				73EA7A5A1FDB3FB97EAF417B /* Pods_iOSTraining.framework in Frameworks */,
			);
			runOnlyForDeploymentPostprocessing = 0;
		};
/* End PBXFrameworksBuildPhase section */

/* Begin PBXGroup section */
		48C07813812D234E6C0F424B /* Frameworks */ = {
			isa = PBXGroup;
			children = (
				1CB0BAD5CE3781B5ACE52E08 /* Pods_iOSTraining.framework */,
			);
			name = Frameworks;
			sourceTree = "<group>";
		};
		4B05A9892CDC61E900B940EB /* Custom Tabbar */ = {
			isa = PBXGroup;
			children = (
				4B05A98A2CDC624900B940EB /* CustomTabbarController.swift */,
			);
			path = "Custom Tabbar";
			sourceTree = "<group>";
		};
		4B05A98D2CDC626300B940EB /* Textbook */ = {
			isa = PBXGroup;
			children = (
				4B05A9902CDC62AE00B940EB /* TextbookViewController.swift */,
				4B05A9912CDC62AE00B940EB /* TextbookViewController.xib */,
			);
			path = Textbook;
			sourceTree = "<group>";
		};
		4B05A9942CDC62F200B940EB /* Settings */ = {
			isa = PBXGroup;
			children = (
				4B05A9952CDC630900B940EB /* SettingsViewController.swift */,
				4B05A9962CDC630900B940EB /* SettingsViewController.xib */,
			);
			path = Settings;
			sourceTree = "<group>";
		};
		4B12760F2CD896100035779C = {
			isa = PBXGroup;
			children = (
				4B12761A2CD896100035779C /* iOSTraining */,
				4B1276192CD896100035779C /* Products */,
				8EACE39EACFA24E0200969BD /* Pods */,
				48C07813812D234E6C0F424B /* Frameworks */,
			);
			sourceTree = "<group>";
		};
		4B1276192CD896100035779C /* Products */ = {
			isa = PBXGroup;
			children = (
				4B1276182CD896100035779C /* iOSTraining.app */,
			);
			name = Products;
			sourceTree = "<group>";
		};
		4B12761A2CD896100035779C /* iOSTraining */ = {
			isa = PBXGroup;
			children = (
				4B51E6982CDDA3CD00A7D9ED /* Singletone.swift */,
				4B373C432CDDACD700DA491D /* NetworkManager.swift */,
				4B12761B2CD896100035779C /* AppDelegate.swift */,
				4B12761D2CD896100035779C /* SceneDelegate.swift */,
				4B12761F2CD896100035779C /* LoginViewController.swift */,
				4B12766B2CD8AFED0035779C /* Signup */,
				4B5B616D2CDB048B00E8770F /* MorePhotos */,
				4B1276712CD8C69D0035779C /* ForgotPassword */,
				4BA000602CD9B568001E95D0 /* Home */,
				4BA000652CD9B833001E95D0 /* Teacher Cell */,
				4BA0006E2CDA0906001E95D0 /* TeacherProfile */,
				4B373C472CDDBEB500DA491D /* Products */,
				4B05A9892CDC61E900B940EB /* Custom Tabbar */,
				4B05A98D2CDC626300B940EB /* Textbook */,
				4B05A9942CDC62F200B940EB /* Settings */,
				4B1276212CD896100035779C /* Main.storyboard */,
				4BA000662CD9C0CE001E95D0 /* Teacher.swift */,
				4B373C452CDDB3C200DA491D /* Products.swift */,
				4BA000712CDA1E3D001E95D0 /* Assets.xcassets */,
				4B05A99C2CDCB8BC00B940EB /* sample.mp4 */,
				4B1276262CD896120035779C /* LaunchScreen.storyboard */,
				4B1276292CD896120035779C /* Info.plist */,
			);
			path = iOSTraining;
			sourceTree = "<group>";
		};
		4B12766B2CD8AFED0035779C /* Signup */ = {
			isa = PBXGroup;
			children = (
				4B1276672CD8AFDB0035779C /* SignUpViewController.swift */,
				4B1276682CD8AFDB0035779C /* SignUpViewController.xib */,
			);
			path = Signup;
			sourceTree = "<group>";
		};
		4B1276712CD8C69D0035779C /* ForgotPassword */ = {
			isa = PBXGroup;
			children = (
				4B12766C2CD8C68D0035779C /* ForgotPasswordViewController.swift */,
				4B12766D2CD8C68D0035779C /* ForgotPasswordViewController.xib */,
			);
			path = ForgotPassword;
			sourceTree = "<group>";
		};
		4B373C472CDDBEB500DA491D /* Products */ = {
			isa = PBXGroup;
			children = (
				4B373C482CDDBEEA00DA491D /* ProductViewController.swift */,
				4B373C492CDDBEEA00DA491D /* ProductViewController.xib */,
				4B373C4C2CDDBEF200DA491D /* ProductCell */,
			);
			path = Products;
			sourceTree = "<group>";
		};
		4B373C4C2CDDBEF200DA491D /* ProductCell */ = {
			isa = PBXGroup;
			children = (
				4B373C4D2CDDBFB200DA491D /* ProductCell.swift */,
				4B373C4E2CDDBFB200DA491D /* ProductCell.xib */,
			);
			path = ProductCell;
			sourceTree = "<group>";
		};
		4B5B616D2CDB048B00E8770F /* MorePhotos */ = {
			isa = PBXGroup;
			children = (
				4B5B61722CDB05B600E8770F /* PhotoCell */,
				4B5B616E2CDB04AE00E8770F /* MorePhotoViewController.swift */,
				4B5B616F2CDB04AE00E8770F /* MorePhotoViewController.xib */,
			);
			path = MorePhotos;
			sourceTree = "<group>";
		};
		4B5B61722CDB05B600E8770F /* PhotoCell */ = {
			isa = PBXGroup;
			children = (
				4B5B61732CDB060C00E8770F /* PhotoCell.swift */,
				4B5B61742CDB060C00E8770F /* PhotoCell.xib */,
			);
			path = PhotoCell;
			sourceTree = "<group>";
		};
		4BA000602CD9B568001E95D0 /* Home */ = {
			isa = PBXGroup;
			children = (
				4BA0005C2CD9B557001E95D0 /* HomeViewController.swift */,
				4BA0005D2CD9B557001E95D0 /* HomeViewController.xib */,
			);
			path = Home;
			sourceTree = "<group>";
		};
		4BA000652CD9B833001E95D0 /* Teacher Cell */ = {
			isa = PBXGroup;
			children = (
				4BA000612CD9B825001E95D0 /* TeacherCell.swift */,
				4BA000622CD9B825001E95D0 /* TeacherCell.xib */,
			);
			path = "Teacher Cell";
			sourceTree = "<group>";
		};
		4BA0006E2CDA0906001E95D0 /* TeacherProfile */ = {
			isa = PBXGroup;
			children = (
				4BA0006A2CDA08FD001E95D0 /* TeacherProfileViewController.swift */,
				4BA0006B2CDA08FD001E95D0 /* TeacherProfileViewController.xib */,
			);
			path = TeacherProfile;
			sourceTree = "<group>";
		};
		8EACE39EACFA24E0200969BD /* Pods */ = {
			isa = PBXGroup;
			children = (
				37439D71902444135BDC770A /* Pods-iOSTraining.debug.xcconfig */,
				AC2FC7AF3903C3385F281A84 /* Pods-iOSTraining.release.xcconfig */,
			);
			path = Pods;
			sourceTree = "<group>";
		};
/* End PBXGroup section */

/* Begin PBXNativeTarget section */
		4B1276172CD896100035779C /* iOSTraining */ = {
			isa = PBXNativeTarget;
			buildConfigurationList = 4B12762C2CD896120035779C /* Build configuration list for PBXNativeTarget "iOSTraining" */;
			buildPhases = (
				AB20BC850557F679E935D37E /* [CP] Check Pods Manifest.lock */,
				4B1276142CD896100035779C /* Sources */,
				4B1276152CD896100035779C /* Frameworks */,
				4B1276162CD896100035779C /* Resources */,
				1F09F8A574509D3150363BA0 /* [CP] Embed Pods Frameworks */,
			);
			buildRules = (
			);
			dependencies = (
			);
			name = iOSTraining;
			productName = iOSTraining;
			productReference = 4B1276182CD896100035779C /* iOSTraining.app */;
			productType = "com.apple.product-type.application";
		};
/* End PBXNativeTarget section */

/* Begin PBXProject section */
		4B1276102CD896100035779C /* Project object */ = {
			isa = PBXProject;
			attributes = {
				BuildIndependentTargetsInParallel = 1;
				LastSwiftUpdateCheck = 1520;
				LastUpgradeCheck = 1520;
				TargetAttributes = {
					4B1276172CD896100035779C = {
						CreatedOnToolsVersion = 15.2;
					};
				};
			};
			buildConfigurationList = 4B1276132CD896100035779C /* Build configuration list for PBXProject "iOSTraining" */;
			compatibilityVersion = "Xcode 14.0";
			developmentRegion = en;
			hasScannedForEncodings = 0;
			knownRegions = (
				en,
				Base,
			);
			mainGroup = 4B12760F2CD896100035779C;
			productRefGroup = 4B1276192CD896100035779C /* Products */;
			projectDirPath = "";
			projectRoot = "";
			targets = (
				4B1276172CD896100035779C /* iOSTraining */,
			);
		};
/* End PBXProject section */

/* Begin PBXResourcesBuildPhase section */
		4B1276162CD896100035779C /* Resources */ = {
			isa = PBXResourcesBuildPhase;
			buildActionMask = 2147483647;
			files = (
				4B1276282CD896120035779C /* LaunchScreen.storyboard in Resources */,
				4BA000642CD9B825001E95D0 /* TeacherCell.xib in Resources */,
				4B373C4B2CDDBEEA00DA491D /* ProductViewController.xib in Resources */,
				4B12766A2CD8AFDB0035779C /* SignUpViewController.xib in Resources */,
				4B05A9932CDC62AE00B940EB /* TextbookViewController.xib in Resources */,
				4B5B61762CDB060C00E8770F /* PhotoCell.xib in Resources */,
				4B1276232CD896100035779C /* Main.storyboard in Resources */,
				4B05A9982CDC630900B940EB /* SettingsViewController.xib in Resources */,
				4B12766F2CD8C68D0035779C /* ForgotPasswordViewController.xib in Resources */,
				4BA000722CDA1E3D001E95D0 /* Assets.xcassets in Resources */,
				4BA0005F2CD9B557001E95D0 /* HomeViewController.xib in Resources */,
				4B05A9992CDC702600B940EB /* TeacherProfileViewController.xib in Resources */,
				4B373C502CDDBFB200DA491D /* ProductCell.xib in Resources */,
				4B05A99D2CDCB8BC00B940EB /* sample.mp4 in Resources */,
				4B5B61712CDB04AE00E8770F /* MorePhotoViewController.xib in Resources */,
			);
			runOnlyForDeploymentPostprocessing = 0;
		};
/* End PBXResourcesBuildPhase section */

/* Begin PBXShellScriptBuildPhase section */
		1F09F8A574509D3150363BA0 /* [CP] Embed Pods Frameworks */ = {
			isa = PBXShellScriptBuildPhase;
			buildActionMask = 2147483647;
			files = (
			);
			inputFileListPaths = (
				"${PODS_ROOT}/Target Support Files/Pods-iOSTraining/Pods-iOSTraining-frameworks-${CONFIGURATION}-input-files.xcfilelist",
			);
			name = "[CP] Embed Pods Frameworks";
			outputFileListPaths = (
				"${PODS_ROOT}/Target Support Files/Pods-iOSTraining/Pods-iOSTraining-frameworks-${CONFIGURATION}-output-files.xcfilelist",
			);
			runOnlyForDeploymentPostprocessing = 0;
			shellPath = /bin/sh;
			shellScript = "\"${PODS_ROOT}/Target Support Files/Pods-iOSTraining/Pods-iOSTraining-frameworks.sh\"\n";
			showEnvVarsInLog = 0;
		};
		AB20BC850557F679E935D37E /* [CP] Check Pods Manifest.lock */ = {
			isa = PBXShellScriptBuildPhase;
			buildActionMask = 2147483647;
			files = (
			);
			inputFileListPaths = (
			);
			inputPaths = (
				"${PODS_PODFILE_DIR_PATH}/Podfile.lock",
				"${PODS_ROOT}/Manifest.lock",
			);
			name = "[CP] Check Pods Manifest.lock";
			outputFileListPaths = (
			);
			outputPaths = (
				"$(DERIVED_FILE_DIR)/Pods-iOSTraining-checkManifestLockResult.txt",
			);
			runOnlyForDeploymentPostprocessing = 0;
			shellPath = /bin/sh;
			shellScript = "diff \"${PODS_PODFILE_DIR_PATH}/Podfile.lock\" \"${PODS_ROOT}/Manifest.lock\" > /dev/null\nif [ $? != 0 ] ; then\n    # print error to STDERR\n    echo \"error: The sandbox is not in sync with the Podfile.lock. Run 'pod install' or update your CocoaPods installation.\" >&2\n    exit 1\nfi\n# This output is used by Xcode 'outputs' to avoid re-running this script phase.\necho \"SUCCESS\" > \"${SCRIPT_OUTPUT_FILE_0}\"\n";
			showEnvVarsInLog = 0;
		};
/* End PBXShellScriptBuildPhase section */

/* Begin PBXSourcesBuildPhase section */
		4B1276142CD896100035779C /* Sources */ = {
			isa = PBXSourcesBuildPhase;
			buildActionMask = 2147483647;
			files = (
				4B1276202CD896100035779C /* LoginViewController.swift in Sources */,
				4B51E6992CDDA3CD00A7D9ED /* Singletone.swift in Sources */,
				4B12766E2CD8C68D0035779C /* ForgotPasswordViewController.swift in Sources */,
				4B5B61702CDB04AE00E8770F /* MorePhotoViewController.swift in Sources */,
				4B373C442CDDACD700DA491D /* NetworkManager.swift in Sources */,
				4BA0006C2CDA08FD001E95D0 /* TeacherProfileViewController.swift in Sources */,
				4B373C4A2CDDBEEA00DA491D /* ProductViewController.swift in Sources */,
				4B373C462CDDB3C200DA491D /* Products.swift in Sources */,
				4B12761C2CD896100035779C /* AppDelegate.swift in Sources */,
				4B05A9922CDC62AE00B940EB /* TextbookViewController.swift in Sources */,
				4B1276692CD8AFDB0035779C /* SignUpViewController.swift in Sources */,
				4BA000672CD9C0CE001E95D0 /* Teacher.swift in Sources */,
				4B12761E2CD896100035779C /* SceneDelegate.swift in Sources */,
				4B05A9972CDC630900B940EB /* SettingsViewController.swift in Sources */,
				4BA0005E2CD9B557001E95D0 /* HomeViewController.swift in Sources */,
				4B373C4F2CDDBFB200DA491D /* ProductCell.swift in Sources */,
				4B5B61752CDB060C00E8770F /* PhotoCell.swift in Sources */,
				4B05A98B2CDC624900B940EB /* CustomTabbarController.swift in Sources */,
				4BA000632CD9B825001E95D0 /* TeacherCell.swift in Sources */,
			);
			runOnlyForDeploymentPostprocessing = 0;
		};
/* End PBXSourcesBuildPhase section */

/* Begin PBXVariantGroup section */
		4B1276212CD896100035779C /* Main.storyboard */ = {
			isa = PBXVariantGroup;
			children = (
				4B1276222CD896100035779C /* Base */,
			);
			name = Main.storyboard;
			sourceTree = "<group>";
		};
		4B1276262CD896120035779C /* LaunchScreen.storyboard */ = {
			isa = PBXVariantGroup;
			children = (
				4B1276272CD896120035779C /* Base */,
			);
			name = LaunchScreen.storyboard;
			sourceTree = "<group>";
		};
/* End PBXVariantGroup section */

/* Begin XCBuildConfiguration section */
		4B12762A2CD896120035779C /* Debug */ = {
			isa = XCBuildConfiguration;
			buildSettings = {
				ALWAYS_SEARCH_USER_PATHS = NO;
				ASSETCATALOG_COMPILER_GENERATE_SWIFT_ASSET_SYMBOL_EXTENSIONS = YES;
				CLANG_ANALYZER_NONNULL = YES;
				CLANG_ANALYZER_NUMBER_OBJECT_CONVERSION = YES_AGGRESSIVE;
				CLANG_CXX_LANGUAGE_STANDARD = "gnu++20";
				CLANG_ENABLE_MODULES = YES;
				CLANG_ENABLE_OBJC_ARC = YES;
				CLANG_ENABLE_OBJC_WEAK = YES;
				CLANG_WARN_BLOCK_CAPTURE_AUTORELEASING = YES;
				CLANG_WARN_BOOL_CONVERSION = YES;
				CLANG_WARN_COMMA = YES;
				CLANG_WARN_CONSTANT_CONVERSION = YES;
				CLANG_WARN_DEPRECATED_OBJC_IMPLEMENTATIONS = YES;
				CLANG_WARN_DIRECT_OBJC_ISA_USAGE = YES_ERROR;
				CLANG_WARN_DOCUMENTATION_COMMENTS = YES;
				CLANG_WARN_EMPTY_BODY = YES;
				CLANG_WARN_ENUM_CONVERSION = YES;
				CLANG_WARN_INFINITE_RECURSION = YES;
				CLANG_WARN_INT_CONVERSION = YES;
				CLANG_WARN_NON_LITERAL_NULL_CONVERSION = YES;
				CLANG_WARN_OBJC_IMPLICIT_RETAIN_SELF = YES;
				CLANG_WARN_OBJC_LITERAL_CONVERSION = YES;
				CLANG_WARN_OBJC_ROOT_CLASS = YES_ERROR;
				CLANG_WARN_QUOTED_INCLUDE_IN_FRAMEWORK_HEADER = YES;
				CLANG_WARN_RANGE_LOOP_ANALYSIS = YES;
				CLANG_WARN_STRICT_PROTOTYPES = YES;
				CLANG_WARN_SUSPICIOUS_MOVE = YES;
				CLANG_WARN_UNGUARDED_AVAILABILITY = YES_AGGRESSIVE;
				CLANG_WARN_UNREACHABLE_CODE = YES;
				CLANG_WARN__DUPLICATE_METHOD_MATCH = YES;
				COPY_PHASE_STRIP = NO;
				DEBUG_INFORMATION_FORMAT = dwarf;
				ENABLE_STRICT_OBJC_MSGSEND = YES;
				ENABLE_TESTABILITY = YES;
				ENABLE_USER_SCRIPT_SANDBOXING = YES;
				GCC_C_LANGUAGE_STANDARD = gnu17;
				GCC_DYNAMIC_NO_PIC = NO;
				GCC_NO_COMMON_BLOCKS = YES;
				GCC_OPTIMIZATION_LEVEL = 0;
				GCC_PREPROCESSOR_DEFINITIONS = (
					"DEBUG=1",
					"$(inherited)",
				);
				GCC_WARN_64_TO_32_BIT_CONVERSION = YES;
				GCC_WARN_ABOUT_RETURN_TYPE = YES_ERROR;
				GCC_WARN_UNDECLARED_SELECTOR = YES;
				GCC_WARN_UNINITIALIZED_AUTOS = YES_AGGRESSIVE;
				GCC_WARN_UNUSED_FUNCTION = YES;
				GCC_WARN_UNUSED_VARIABLE = YES;
				IPHONEOS_DEPLOYMENT_TARGET = 17.2;
				LOCALIZATION_PREFERS_STRING_CATALOGS = YES;
				MTL_ENABLE_DEBUG_INFO = INCLUDE_SOURCE;
				MTL_FAST_MATH = YES;
				ONLY_ACTIVE_ARCH = YES;
				SDKROOT = iphoneos;
				SWIFT_ACTIVE_COMPILATION_CONDITIONS = "DEBUG $(inherited)";
				SWIFT_OPTIMIZATION_LEVEL = "-Onone";
			};
			name = Debug;
		};
		4B12762B2CD896120035779C /* Release */ = {
			isa = XCBuildConfiguration;
			buildSettings = {
				ALWAYS_SEARCH_USER_PATHS = NO;
				ASSETCATALOG_COMPILER_GENERATE_SWIFT_ASSET_SYMBOL_EXTENSIONS = YES;
				CLANG_ANALYZER_NONNULL = YES;
				CLANG_ANALYZER_NUMBER_OBJECT_CONVERSION = YES_AGGRESSIVE;
				CLANG_CXX_LANGUAGE_STANDARD = "gnu++20";
				CLANG_ENABLE_MODULES = YES;
				CLANG_ENABLE_OBJC_ARC = YES;
				CLANG_ENABLE_OBJC_WEAK = YES;
				CLANG_WARN_BLOCK_CAPTURE_AUTORELEASING = YES;
				CLANG_WARN_BOOL_CONVERSION = YES;
				CLANG_WARN_COMMA = YES;
				CLANG_WARN_CONSTANT_CONVERSION = YES;
				CLANG_WARN_DEPRECATED_OBJC_IMPLEMENTATIONS = YES;
				CLANG_WARN_DIRECT_OBJC_ISA_USAGE = YES_ERROR;
				CLANG_WARN_DOCUMENTATION_COMMENTS = YES;
				CLANG_WARN_EMPTY_BODY = YES;
				CLANG_WARN_ENUM_CONVERSION = YES;
				CLANG_WARN_INFINITE_RECURSION = YES;
				CLANG_WARN_INT_CONVERSION = YES;
				CLANG_WARN_NON_LITERAL_NULL_CONVERSION = YES;
				CLANG_WARN_OBJC_IMPLICIT_RETAIN_SELF = YES;
				CLANG_WARN_OBJC_LITERAL_CONVERSION = YES;
				CLANG_WARN_OBJC_ROOT_CLASS = YES_ERROR;
				CLANG_WARN_QUOTED_INCLUDE_IN_FRAMEWORK_HEADER = YES;
				CLANG_WARN_RANGE_LOOP_ANALYSIS = YES;
				CLANG_WARN_STRICT_PROTOTYPES = YES;
				CLANG_WARN_SUSPICIOUS_MOVE = YES;
				CLANG_WARN_UNGUARDED_AVAILABILITY = YES_AGGRESSIVE;
				CLANG_WARN_UNREACHABLE_CODE = YES;
				CLANG_WARN__DUPLICATE_METHOD_MATCH = YES;
				COPY_PHASE_STRIP = NO;
				DEBUG_INFORMATION_FORMAT = "dwarf-with-dsym";
				ENABLE_NS_ASSERTIONS = NO;
				ENABLE_STRICT_OBJC_MSGSEND = YES;
				ENABLE_USER_SCRIPT_SANDBOXING = YES;
				GCC_C_LANGUAGE_STANDARD = gnu17;
				GCC_NO_COMMON_BLOCKS = YES;
				GCC_WARN_64_TO_32_BIT_CONVERSION = YES;
				GCC_WARN_ABOUT_RETURN_TYPE = YES_ERROR;
				GCC_WARN_UNDECLARED_SELECTOR = YES;
				GCC_WARN_UNINITIALIZED_AUTOS = YES_AGGRESSIVE;
				GCC_WARN_UNUSED_FUNCTION = YES;
				GCC_WARN_UNUSED_VARIABLE = YES;
				IPHONEOS_DEPLOYMENT_TARGET = 17.2;
				LOCALIZATION_PREFERS_STRING_CATALOGS = YES;
				MTL_ENABLE_DEBUG_INFO = NO;
				MTL_FAST_MATH = YES;
				SDKROOT = iphoneos;
				SWIFT_COMPILATION_MODE = wholemodule;
				VALIDATE_PRODUCT = YES;
			};
			name = Release;
		};
		4B12762D2CD896120035779C /* Debug */ = {
			isa = XCBuildConfiguration;
			baseConfigurationReference = 37439D71902444135BDC770A /* Pods-iOSTraining.debug.xcconfig */;
			buildSettings = {
				ASSETCATALOG_COMPILER_APPICON_NAME = AppIcon;
				ASSETCATALOG_COMPILER_GLOBAL_ACCENT_COLOR_NAME = AccentColor;
				CODE_SIGN_STYLE = Automatic;
				CURRENT_PROJECT_VERSION = 1;
				ENABLE_USER_SCRIPT_SANDBOXING = NO;
				GENERATE_INFOPLIST_FILE = YES;
				INFOPLIST_FILE = iOSTraining/Info.plist;
				INFOPLIST_KEY_UIApplicationSupportsIndirectInputEvents = YES;
				INFOPLIST_KEY_UILaunchStoryboardName = Main.storyboard;
				INFOPLIST_KEY_UIMainStoryboardFile = Main;
				INFOPLIST_KEY_UISupportedInterfaceOrientations_iPad = "UIInterfaceOrientationPortrait UIInterfaceOrientationPortraitUpsideDown UIInterfaceOrientationLandscapeLeft UIInterfaceOrientationLandscapeRight";
				INFOPLIST_KEY_UISupportedInterfaceOrientations_iPhone = "UIInterfaceOrientationPortrait UIInterfaceOrientationLandscapeLeft UIInterfaceOrientationLandscapeRight";
				LD_RUNPATH_SEARCH_PATHS = (
					"$(inherited)",
					"@executable_path/Frameworks",
				);
				MARKETING_VERSION = 1.0;
				PRODUCT_BUNDLE_IDENTIFIER = Cris.iOSTraining;
				PRODUCT_NAME = "$(TARGET_NAME)";
				SWIFT_EMIT_LOC_STRINGS = YES;
				SWIFT_VERSION = 5.0;
				TARGETED_DEVICE_FAMILY = "1,2";
			};
			name = Debug;
		};
		4B12762E2CD896120035779C /* Release */ = {
			isa = XCBuildConfiguration;
			baseConfigurationReference = AC2FC7AF3903C3385F281A84 /* Pods-iOSTraining.release.xcconfig */;
			buildSettings = {
				ASSETCATALOG_COMPILER_APPICON_NAME = AppIcon;
				ASSETCATALOG_COMPILER_GLOBAL_ACCENT_COLOR_NAME = AccentColor;
				CODE_SIGN_STYLE = Automatic;
				CURRENT_PROJECT_VERSION = 1;
				ENABLE_USER_SCRIPT_SANDBOXING = NO;
				GENERATE_INFOPLIST_FILE = YES;
				INFOPLIST_FILE = iOSTraining/Info.plist;
				INFOPLIST_KEY_UIApplicationSupportsIndirectInputEvents = YES;
				INFOPLIST_KEY_UILaunchStoryboardName = Main.storyboard;
				INFOPLIST_KEY_UIMainStoryboardFile = Main;
				INFOPLIST_KEY_UISupportedInterfaceOrientations_iPad = "UIInterfaceOrientationPortrait UIInterfaceOrientationPortraitUpsideDown UIInterfaceOrientationLandscapeLeft UIInterfaceOrientationLandscapeRight";
				INFOPLIST_KEY_UISupportedInterfaceOrientations_iPhone = "UIInterfaceOrientationPortrait UIInterfaceOrientationLandscapeLeft UIInterfaceOrientationLandscapeRight";
				LD_RUNPATH_SEARCH_PATHS = (
					"$(inherited)",
					"@executable_path/Frameworks",
				);
				MARKETING_VERSION = 1.0;
				PRODUCT_BUNDLE_IDENTIFIER = Cris.iOSTraining;
				PRODUCT_NAME = "$(TARGET_NAME)";
				SWIFT_EMIT_LOC_STRINGS = YES;
				SWIFT_VERSION = 5.0;
				TARGETED_DEVICE_FAMILY = "1,2";
			};
			name = Release;
		};
/* End XCBuildConfiguration section */

/* Begin XCConfigurationList section */
		4B1276132CD896100035779C /* Build configuration list for PBXProject "iOSTraining" */ = {
			isa = XCConfigurationList;
			buildConfigurations = (
				4B12762A2CD896120035779C /* Debug */,
				4B12762B2CD896120035779C /* Release */,
			);
			defaultConfigurationIsVisible = 0;
			defaultConfigurationName = Release;
		};
		4B12762C2CD896120035779C /* Build configuration list for PBXNativeTarget "iOSTraining" */ = {
			isa = XCConfigurationList;
			buildConfigurations = (
				4B12762D2CD896120035779C /* Debug */,
				4B12762E2CD896120035779C /* Release */,
			);
			defaultConfigurationIsVisible = 0;
			defaultConfigurationName = Release;
		};
/* End XCConfigurationList section */
	};
	rootObject = 4B1276102CD896100035779C /* Project object */;
}
